
Microsoft Visual Studio Solution File, Format Version 12.00
# Visual Studio Version 17
VisualStudioVersion = 17.8.34511.84
MinimumVisualStudioVersion = 10.0.40219.1
Project("{FAE04EC0-301F-11D3-BF4B-00C04F79EFBC}") = "JSONAssignment", "JSONAssignment.csproj", "{AD4CEB55-67CA-4B40-B70A-22DB2FCD891C}"
EndProject
Global
	GlobalSection(SolutionConfigurationPlatforms) = preSolution
		Debug|Any CPU = Debug|Any CPU
		Release|Any CPU = Release|Any CPU
	EndGlobalSection
	GlobalSection(ProjectConfigurationPlatforms) = postSolution
		{AD4CEB55-67CA-4B40-B70A-22DB2FCD891C}.Debug|Any CPU.ActiveCfg = Debug|Any CPU
		{AD4CEB55-67CA-4B40-B70A-22DB2FCD891C}.Debug|Any CPU.Build.0 = Debug|Any CPU
		{AD4CEB55-67CA-4B40-B70A-22DB2FCD891C}.Debug|Any CPU.Deploy.0 = Debug|Any CPU
		{AD4CEB55-67CA-4B40-B70A-22DB2FCD891C}.Release|Any CPU.ActiveCfg = Release|Any CPU
		{AD4CEB55-67CA-4B40-B70A-22DB2FCD891C}.Release|Any CPU.Build.0 = Release|Any CPU
		{AD4CEB55-67CA-4B40-B70A-22DB2FCD891C}.Release|Any CPU.Deploy.0 = Release|Any CPU
	EndGlobalSection
	GlobalSection(SolutionProperties) = preSolution
		HideSolutionNode = FALSE
	EndGlobalSection
	GlobalSection(ExtensibilityGlobals) = postSolution
		SolutionGuid = {FA3E0D0E-441F-4E60-81AF-B204EB6E1021}
	EndGlobalSection
EndGlobal
